
Microsoft Visual Studio Solution File, Format Version 12.00
# Visual Studio Version 16
VisualStudioVersion = 16.0.30621.155
MinimumVisualStudioVersion = 10.0.40219.1
Project("{FAE04EC0-301F-11D3-BF4B-00C04F79EFBC}") = "megfejtes", "megfejtes\megfejtes.csproj", "{9BD619D4-7135-4FD4-9F1F-59B9E5933598}"
EndProject
Global
	GlobalSection(SolutionConfigurationPlatforms) = preSolution
		Debug|Any CPU = Debug|Any CPU
		Release|Any CPU = Release|Any CPU
	EndGlobalSection
	GlobalSection(ProjectConfigurationPlatforms) = postSolution
		{9BD619D4-7135-4FD4-9F1F-59B9E5933598}.Debug|Any CPU.ActiveCfg = Debug|Any CPU
		{9BD619D4-7135-4FD4-9F1F-59B9E5933598}.Debug|Any CPU.Build.0 = Debug|Any CPU
		{9BD619D4-7135-4FD4-9F1F-59B9E5933598}.Release|Any CPU.ActiveCfg = Release|Any CPU
		{9BD619D4-7135-4FD4-9F1F-59B9E5933598}.Release|Any CPU.Build.0 = Release|Any CPU
	EndGlobalSection
	GlobalSection(SolutionProperties) = preSolution
		HideSolutionNode = FALSE
	EndGlobalSection
	GlobalSection(ExtensibilityGlobals) = postSolution
		SolutionGuid = {32DA264B-21C3-4FED-8E55-6A5DA4D5A286}
	EndGlobalSection
EndGlobal
